{
  "name": "monarca-pos",
  "version": "0.1.0",
  "lockfileVersion": 3,
  "requires": true,
  "packages": {
    "": {
      "name": "monarca-pos",
      "version": "0.1.0",
      "dependencies": {
        "@prisma/client": "^6.15.0"
      },
      "devDependencies": {
        "prisma": "^6.15.0"
      },
      "engines": {
        "node": ">=22"
      }
    }
  }
}
